
Microsoft Visual Studio Solution File, Format Version 12.00
# Visual Studio Version 17
VisualStudioVersion = 17.3.32901.215
MinimumVisualStudioVersion = 10.0.40219.1
Project("{2150E333-8FDC-42A3-9474-1A3956D46DE8}") = "Setup", "Setup", "{342AC39A-AE8A-40C9-A545-B1A04305E572}"
	ProjectSection(SolutionItems) = preProject
		CleanUpPhotos\CleanUpPhotosSetup\Setup.iss = CleanUpPhotos\CleanUpPhotosSetup\Setup.iss
	EndProjectSection
EndProject
Project("{FAE04EC0-301F-11D3-BF4B-00C04F79EFBC}") = "CleanUpPhotos", "CleanUpPhotos\CleanUpPhotos\CleanUpPhotos.csproj", "{FA8E9106-C2A4-407E-AF82-E9483A926D33}"
EndProject
Global
	GlobalSection(SolutionConfigurationPlatforms) = preSolution
		Debug|x86 = Debug|x86
	EndGlobalSection
	GlobalSection(ProjectConfigurationPlatforms) = postSolution
		{FA8E9106-C2A4-407E-AF82-E9483A926D33}.Debug|x86.ActiveCfg = Debug|x86
		{FA8E9106-C2A4-407E-AF82-E9483A926D33}.Debug|x86.Build.0 = Debug|x86
	EndGlobalSection
	GlobalSection(SolutionProperties) = preSolution
		HideSolutionNode = FALSE
	EndGlobalSection
	GlobalSection(ExtensibilityGlobals) = postSolution
		SolutionGuid = {72FEC2E2-D9E2-43D2-BA84-9EAFD93651CF}
	EndGlobalSection
EndGlobal
